dependencies:
  LovyanGFX:
    component_hash: 15db170773c639524bdc9b15838f4b3c507f1a497a88365055d9ea71b126ac8b
    dependencies: []
    source:
      git: https://github.com/lovyan03/LovyanGFX.git
      path: .
      type: git
    version: 6f6e9a052fc719ecb2b42640b0207215050d2560
  espressif/cmake_utilities:
    component_hash: 351350613ceafba240b761b4ea991e0f231ac7a9f59a9ee901f751bddc0bb18f
    dependencies:
    - name: idf
      require: private
      version: '>=4.1'
    source:
      registry_url: https://components.espressif.com
      type: service
    version: 0.5.3
  espressif/esp_lcd_ili9341:
    component_hash: 0baab584e0e490511d6bdbae6aa045130424d732ecdaad6cd1d3bd3c0abe2c30
    dependencies:
    - name: espressif/cmake_utilities
      registry_url: https://components.espressif.com
      require: private
      version: 0.*
    - name: idf
      require: private
      version: '>=4.4'
    source:
      registry_url: https://components.espressif.com/
      type: service
    version: 2.0.2
  idf:
    source:
      type: idf
    version: 5.5.4
direct_dependencies:
- LovyanGFX
- espressif/esp_lcd_ili9341
manifest_hash: b04a2a84de9a961828b039ab7d6d7de5799168abcf6c37270028079c9111e00b
target: esp32s3
version: 2.0.0
